
Microsoft Visual Studio Solution File, Format Version 12.00
# Visual Studio 2012
Project("{FAE04EC0-301F-11D3-BF4B-00C04F79EFBC}") = "Assembly-CSharp", "Assembly-CSharp.csproj", "{CEAEE67C-C084-3AD4-39D2-78DD95B62630}"
EndProject
Global
	GlobalSection(SolutionConfigurationPlatforms) = preSolution
		Debug|Any CPU = Debug|Any CPU
		Release|Any CPU = Release|Any CPU
	EndGlobalSection
	GlobalSection(ProjectConfigurationPlatforms) = postSolution
		{CEAEE67C-C084-3AD4-39D2-78DD95B62630}.Debug|Any CPU.ActiveCfg = Debug|Any CPU
		{CEAEE67C-C084-3AD4-39D2-78DD95B62630}.Debug|Any CPU.Build.0 = Debug|Any CPU
		{CEAEE67C-C084-3AD4-39D2-78DD95B62630}.Release|Any CPU.ActiveCfg = Release|Any CPU
		{CEAEE67C-C084-3AD4-39D2-78DD95B62630}.Release|Any CPU.Build.0 = Release|Any CPU
	EndGlobalSection
EndGlobal
